
Microsoft Visual Studio Solution File, Format Version 12.00
# Visual Studio Version 16
VisualStudioVersion = 16.0.29806.167
MinimumVisualStudioVersion = 10.0.40219.1
Project("{9A19103F-16F7-4668-BE54-9A1E7A4F7556}") = "WebStore", "WebStore\WebStore.csproj", "{A96BC95E-2A76-43B2-9FC5-A32DA421E564}"
EndProject
Project("{9A19103F-16F7-4668-BE54-9A1E7A4F7556}") = "Store.Domain", "Store.Domain\Store.Domain.csproj", "{7CB01314-1414-4A3B-84F0-F301B30E2D41}"
EndProject
Project("{9A19103F-16F7-4668-BE54-9A1E7A4F7556}") = "Store.Entities", "Store.Entity\Store.Entities.csproj", "{0023C741-B983-497B-840C-751932139A51}"
EndProject
Project("{9A19103F-16F7-4668-BE54-9A1E7A4F7556}") = "Store.DAL", "Store.DAL\Store.DAL.csproj", "{2F568680-9A84-4FC8-B6A5-806EBA18415C}"
EndProject
Project("{FAE04EC0-301F-11D3-BF4B-00C04F79EFBC}") = "Store.Services", "Store.Services\Store.Services.csproj", "{488AEC25-6510-4450-88CE-19255695CB46}"
EndProject
Global
	GlobalSection(SolutionConfigurationPlatforms) = preSolution
		Debug|Any CPU = Debug|Any CPU
		Release|Any CPU = Release|Any CPU
	EndGlobalSection
	GlobalSection(ProjectConfigurationPlatforms) = postSolution
		{A96BC95E-2A76-43B2-9FC5-A32DA421E564}.Debug|Any CPU.ActiveCfg = Debug|Any CPU
		{A96BC95E-2A76-43B2-9FC5-A32DA421E564}.Debug|Any CPU.Build.0 = Debug|Any CPU
		{A96BC95E-2A76-43B2-9FC5-A32DA421E564}.Release|Any CPU.ActiveCfg = Release|Any CPU
		{A96BC95E-2A76-43B2-9FC5-A32DA421E564}.Release|Any CPU.Build.0 = Release|Any CPU
		{7CB01314-1414-4A3B-84F0-F301B30E2D41}.Debug|Any CPU.ActiveCfg = Debug|Any CPU
		{7CB01314-1414-4A3B-84F0-F301B30E2D41}.Debug|Any CPU.Build.0 = Debug|Any CPU
		{7CB01314-1414-4A3B-84F0-F301B30E2D41}.Release|Any CPU.ActiveCfg = Release|Any CPU
		{7CB01314-1414-4A3B-84F0-F301B30E2D41}.Release|Any CPU.Build.0 = Release|Any CPU
		{0023C741-B983-497B-840C-751932139A51}.Debug|Any CPU.ActiveCfg = Debug|Any CPU
		{0023C741-B983-497B-840C-751932139A51}.Debug|Any CPU.Build.0 = Debug|Any CPU
		{0023C741-B983-497B-840C-751932139A51}.Release|Any CPU.ActiveCfg = Release|Any CPU
		{0023C741-B983-497B-840C-751932139A51}.Release|Any CPU.Build.0 = Release|Any CPU
		{2F568680-9A84-4FC8-B6A5-806EBA18415C}.Debug|Any CPU.ActiveCfg = Debug|Any CPU
		{2F568680-9A84-4FC8-B6A5-806EBA18415C}.Debug|Any CPU.Build.0 = Debug|Any CPU
		{2F568680-9A84-4FC8-B6A5-806EBA18415C}.Release|Any CPU.ActiveCfg = Release|Any CPU
		{2F568680-9A84-4FC8-B6A5-806EBA18415C}.Release|Any CPU.Build.0 = Release|Any CPU
		{488AEC25-6510-4450-88CE-19255695CB46}.Debug|Any CPU.ActiveCfg = Debug|Any CPU
		{488AEC25-6510-4450-88CE-19255695CB46}.Debug|Any CPU.Build.0 = Debug|Any CPU
		{488AEC25-6510-4450-88CE-19255695CB46}.Release|Any CPU.ActiveCfg = Release|Any CPU
		{488AEC25-6510-4450-88CE-19255695CB46}.Release|Any CPU.Build.0 = Release|Any CPU
	EndGlobalSection
	GlobalSection(SolutionProperties) = preSolution
		HideSolutionNode = FALSE
	EndGlobalSection
	GlobalSection(ExtensibilityGlobals) = postSolution
		SolutionGuid = {EEB09DC9-D14D-4C4C-9A53-4136C4F4F742}
	EndGlobalSection
EndGlobal
