
Microsoft Visual Studio Solution File, Format Version 12.00
# Visual Studio Version 16
VisualStudioVersion = 16.0.29806.167
MinimumVisualStudioVersion = 10.0.40219.1
Project("{2150E333-8FDC-42A3-9474-1A3956D46DE8}") = "Common", "Common", "{20E724F6-8913-41F1-8D2D-008B41D8FDAC}"
EndProject
Project("{2150E333-8FDC-42A3-9474-1A3956D46DE8}") = "Services", "Services", "{D6A1917E-A0F0-43AC-8D3E-6AE03CF74847}"
EndProject
Project("{2150E333-8FDC-42A3-9474-1A3956D46DE8}") = "UI", "UI", "{4D2FA996-6156-4FD8-9C7F-0B72F5F6187E}"
EndProject
Project("{9A19103F-16F7-4668-BE54-9A1E7A4F7556}") = "Store.Domain", "Common\Store.Domain\Store.Domain.csproj", "{244C89AA-D17E-4CC5-BAC6-88B5A938F160}"
EndProject
Project("{9A19103F-16F7-4668-BE54-9A1E7A4F7556}") = "Store.Entities", "Common\Store.Entity\Store.Entities.csproj", "{1091311F-F9F3-4D27-B0A0-9E2A0059D1B9}"
EndProject
Project("{9A19103F-16F7-4668-BE54-9A1E7A4F7556}") = "Store.ViewModels", "Common\Store.ViewModels\Store.ViewModels.csproj", "{0BBFDCF0-88E2-436A-BC72-9DA4398780F1}"
EndProject
Project("{9A19103F-16F7-4668-BE54-9A1E7A4F7556}") = "Store.Services", "Services\Store.Services\Store.Services.csproj", "{259A15EE-608E-401D-9031-80B9DF8161F5}"
EndProject
Project("{9A19103F-16F7-4668-BE54-9A1E7A4F7556}") = "Store.DAL", "Services\Store.DAL\Store.DAL.csproj", "{02F23D5C-5122-4A15-8419-7A6035183336}"
EndProject
Project("{9A19103F-16F7-4668-BE54-9A1E7A4F7556}") = "WebStore", "UI\WebStore\WebStore.csproj", "{5A853097-E40C-4560-9FFD-41E258F35FFA}"
EndProject
Global
	GlobalSection(SolutionConfigurationPlatforms) = preSolution
		Debug|Any CPU = Debug|Any CPU
		Release|Any CPU = Release|Any CPU
	EndGlobalSection
	GlobalSection(ProjectConfigurationPlatforms) = postSolution
		{244C89AA-D17E-4CC5-BAC6-88B5A938F160}.Debug|Any CPU.ActiveCfg = Debug|Any CPU
		{244C89AA-D17E-4CC5-BAC6-88B5A938F160}.Debug|Any CPU.Build.0 = Debug|Any CPU
		{244C89AA-D17E-4CC5-BAC6-88B5A938F160}.Release|Any CPU.ActiveCfg = Release|Any CPU
		{244C89AA-D17E-4CC5-BAC6-88B5A938F160}.Release|Any CPU.Build.0 = Release|Any CPU
		{1091311F-F9F3-4D27-B0A0-9E2A0059D1B9}.Debug|Any CPU.ActiveCfg = Debug|Any CPU
		{1091311F-F9F3-4D27-B0A0-9E2A0059D1B9}.Debug|Any CPU.Build.0 = Debug|Any CPU
		{1091311F-F9F3-4D27-B0A0-9E2A0059D1B9}.Release|Any CPU.ActiveCfg = Release|Any CPU
		{1091311F-F9F3-4D27-B0A0-9E2A0059D1B9}.Release|Any CPU.Build.0 = Release|Any CPU
		{0BBFDCF0-88E2-436A-BC72-9DA4398780F1}.Debug|Any CPU.ActiveCfg = Debug|Any CPU
		{0BBFDCF0-88E2-436A-BC72-9DA4398780F1}.Debug|Any CPU.Build.0 = Debug|Any CPU
		{0BBFDCF0-88E2-436A-BC72-9DA4398780F1}.Release|Any CPU.ActiveCfg = Release|Any CPU
		{0BBFDCF0-88E2-436A-BC72-9DA4398780F1}.Release|Any CPU.Build.0 = Release|Any CPU
		{259A15EE-608E-401D-9031-80B9DF8161F5}.Debug|Any CPU.ActiveCfg = Debug|Any CPU
		{259A15EE-608E-401D-9031-80B9DF8161F5}.Debug|Any CPU.Build.0 = Debug|Any CPU
		{259A15EE-608E-401D-9031-80B9DF8161F5}.Release|Any CPU.ActiveCfg = Release|Any CPU
		{259A15EE-608E-401D-9031-80B9DF8161F5}.Release|Any CPU.Build.0 = Release|Any CPU
		{02F23D5C-5122-4A15-8419-7A6035183336}.Debug|Any CPU.ActiveCfg = Debug|Any CPU
		{02F23D5C-5122-4A15-8419-7A6035183336}.Debug|Any CPU.Build.0 = Debug|Any CPU
		{02F23D5C-5122-4A15-8419-7A6035183336}.Release|Any CPU.ActiveCfg = Release|Any CPU
		{02F23D5C-5122-4A15-8419-7A6035183336}.Release|Any CPU.Build.0 = Release|Any CPU
		{5A853097-E40C-4560-9FFD-41E258F35FFA}.Debug|Any CPU.ActiveCfg = Debug|Any CPU
		{5A853097-E40C-4560-9FFD-41E258F35FFA}.Debug|Any CPU.Build.0 = Debug|Any CPU
		{5A853097-E40C-4560-9FFD-41E258F35FFA}.Release|Any CPU.ActiveCfg = Release|Any CPU
		{5A853097-E40C-4560-9FFD-41E258F35FFA}.Release|Any CPU.Build.0 = Release|Any CPU
	EndGlobalSection
	GlobalSection(SolutionProperties) = preSolution
		HideSolutionNode = FALSE
	EndGlobalSection
	GlobalSection(NestedProjects) = preSolution
		{244C89AA-D17E-4CC5-BAC6-88B5A938F160} = {20E724F6-8913-41F1-8D2D-008B41D8FDAC}
		{1091311F-F9F3-4D27-B0A0-9E2A0059D1B9} = {20E724F6-8913-41F1-8D2D-008B41D8FDAC}
		{0BBFDCF0-88E2-436A-BC72-9DA4398780F1} = {20E724F6-8913-41F1-8D2D-008B41D8FDAC}
		{259A15EE-608E-401D-9031-80B9DF8161F5} = {D6A1917E-A0F0-43AC-8D3E-6AE03CF74847}
		{02F23D5C-5122-4A15-8419-7A6035183336} = {D6A1917E-A0F0-43AC-8D3E-6AE03CF74847}
		{5A853097-E40C-4560-9FFD-41E258F35FFA} = {4D2FA996-6156-4FD8-9C7F-0B72F5F6187E}
	EndGlobalSection
	GlobalSection(ExtensibilityGlobals) = postSolution
		SolutionGuid = {EEB09DC9-D14D-4C4C-9A53-4136C4F4F742}
	EndGlobalSection
EndGlobal
