
Microsoft Visual Studio Solution File, Format Version 12.00
# Visual Studio Version 16
VisualStudioVersion = 16.0.29806.167
MinimumVisualStudioVersion = 10.0.40219.1
Project("{FAE04EC0-301F-11D3-BF4B-00C04F79EFBC}") = "WebStore", "WebStore\WebStore.csproj", "{A96BC95E-2A76-43B2-9FC5-A32DA421E564}"
EndProject
Global
	GlobalSection(SolutionConfigurationPlatforms) = preSolution
		Debug|Any CPU = Debug|Any CPU
		Release|Any CPU = Release|Any CPU
	EndGlobalSection
	GlobalSection(ProjectConfigurationPlatforms) = postSolution
		{A96BC95E-2A76-43B2-9FC5-A32DA421E564}.Debug|Any CPU.ActiveCfg = Debug|Any CPU
		{A96BC95E-2A76-43B2-9FC5-A32DA421E564}.Debug|Any CPU.Build.0 = Debug|Any CPU
		{A96BC95E-2A76-43B2-9FC5-A32DA421E564}.Release|Any CPU.ActiveCfg = Release|Any CPU
		{A96BC95E-2A76-43B2-9FC5-A32DA421E564}.Release|Any CPU.Build.0 = Release|Any CPU
	EndGlobalSection
	GlobalSection(SolutionProperties) = preSolution
		HideSolutionNode = FALSE
	EndGlobalSection
	GlobalSection(ExtensibilityGlobals) = postSolution
		SolutionGuid = {EEB09DC9-D14D-4C4C-9A53-4136C4F4F742}
	EndGlobalSection
EndGlobal
